
Microsoft Visual Studio Solution File, Format Version 12.00
# Visual Studio Version 17
VisualStudioVersion = 17.7.34009.444
MinimumVisualStudioVersion = 10.0.40219.1
Project("{FAE04EC0-301F-11D3-BF4B-00C04F79EFBC}") = "WindowsFormsApp1", "WindowsFormsApp1\WindowsFormsApp1.csproj", "{EA2B49CD-C746-4A5E-A795-4A8C1CB83495}"
EndProject
Global
	GlobalSection(SolutionConfigurationPlatforms) = preSolution
		Debug|Any CPU = Debug|Any CPU
		Release|Any CPU = Release|Any CPU
	EndGlobalSection
	GlobalSection(ProjectConfigurationPlatforms) = postSolution
		{EA2B49CD-C746-4A5E-A795-4A8C1CB83495}.Debug|Any CPU.ActiveCfg = Debug|Any CPU
		{EA2B49CD-C746-4A5E-A795-4A8C1CB83495}.Debug|Any CPU.Build.0 = Debug|Any CPU
		{EA2B49CD-C746-4A5E-A795-4A8C1CB83495}.Release|Any CPU.ActiveCfg = Release|Any CPU
		{EA2B49CD-C746-4A5E-A795-4A8C1CB83495}.Release|Any CPU.Build.0 = Release|Any CPU
	EndGlobalSection
	GlobalSection(SolutionProperties) = preSolution
		HideSolutionNode = FALSE
	EndGlobalSection
	GlobalSection(ExtensibilityGlobals) = postSolution
		SolutionGuid = {4C48D97F-2A98-4E96-B577-1EFC510652E0}
	EndGlobalSection
EndGlobal
